
Microsoft Visual Studio Solution File, Format Version 12.00
# Visual Studio 15
VisualStudioVersion = 15.0.27004.2002
MinimumVisualStudioVersion = 10.0.40219.1
Project("{FAE04EC0-301F-11D3-BF4B-00C04F79EFBC}") = "01_HornetWings_26022017", "01_HornetWings_26022017\01_HornetWings_26022017.csproj", "{BF3F27AC-C632-4F22-A1B5-B45E0103BF16}"
EndProject
Project("{FAE04EC0-301F-11D3-BF4B-00C04F79EFBC}") = "01_CharityMarathon_23102016", "01_CharityMarathon_23102016\01_CharityMarathon_23102016.csproj", "{C844C110-DECB-4682-B978-A8A3FFA46959}"
EndProject
Project("{FAE04EC0-301F-11D3-BF4B-00C04F79EFBC}") = "02_PokemonDontGo_09072017", "02_PokemonDontGo_09072017\02_PokemonDontGo_09072017.csproj", "{184B361C-2490-4548-BF13-9FC66C4F1B1B}"
EndProject
Project("{9A19103F-16F7-4668-BE54-9A1E7A4F7556}") = "01_SunoTheWalker_06012017", "01_SunoTheWalker_06012017\01_SunoTheWalker_06012017.csproj", "{56BE2AAB-4556-4250-8BA0-A438F6EE34C7}"
EndProject
Project("{9A19103F-16F7-4668-BE54-9A1E7A4F7556}") = "02_Ladybugs_23102016", "02_Ladybugs_23102016\02_Ladybugs_23102016.csproj", "{066FF46A-D2EB-45CF-B876-8FF9EC3268F7}"
EndProject
Project("{9A19103F-16F7-4668-BE54-9A1E7A4F7556}") = "02_SoftUniKaraoke_06012017", "02_SoftUniKaraoke_06012017\02_SoftUniKaraoke_06012017.csproj", "{5AA41ADB-5BA3-4BDD-9779-C838242DEA6D}"
EndProject
Project("{9A19103F-16F7-4668-BE54-9A1E7A4F7556}") = "01_Numbers_12062016", "01_Numbers_12062016\01_Numbers_12062016.csproj", "{0318AAE3-F2FD-410E-86DD-D35B351FE7D9}"
EndProject
Project("{9A19103F-16F7-4668-BE54-9A1E7A4F7556}") = "02_SoftUniCoffeeOrders_12062016", "02_SoftUniCoffeeOrders_12062016\02_SoftUniCoffeeOrders_12062016.csproj", "{55611CAE-1D76-4A0C-A281-8DD262A396B9}"
EndProject
Project("{9A19103F-16F7-4668-BE54-9A1E7A4F7556}") = "99_Test", "99_Test\99_Test.csproj", "{02F9A672-BA3B-4174-A460-EE9E5943CD37}"
EndProject
Project("{9A19103F-16F7-4668-BE54-9A1E7A4F7556}") = "01_TheaThePhotographer_11092016", "01_TheaThePhotographer_11092016\01_TheaThePhotographer_11092016.csproj", "{6BF235D4-A0D3-473D-B897-B1F4AB7BD6B2}"
EndProject
Project("{9A19103F-16F7-4668-BE54-9A1E7A4F7556}") = "02_TrophonTheGrumpyCat_11092016", "02_TrophonTheGrumpyCat_11092016\02_TrophonTheGrumpyCat_11092016.csproj", "{AA806FD2-BA5C-40AD-B3A9-679DDCC0710D}"
EndProject
Project("{9A19103F-16F7-4668-BE54-9A1E7A4F7556}") = "01_PokeMon_09072017", "01_PokeMon_09072017\01_PokeMon_09072017.csproj", "{DEE1D29E-5C3F-4827-B9C8-D7318E8088EF}"
EndProject
Project("{9A19103F-16F7-4668-BE54-9A1E7A4F7556}") = "02_HornetComm_26022017", "02_HornetComm_26022017\02_HornetComm_26022017.csproj", "{919A19D5-7EC3-409C-8DD4-9795F14CC20C}"
EndProject
Project("{9A19103F-16F7-4668-BE54-9A1E7A4F7556}") = "02_CommandInterpreter_102016", "02_CommandInterpreter_102016\02_CommandInterpreter_102016.csproj", "{5E45EC96-52A6-4B43-8353-7BB9DC16E79F}"
EndProject
Project("{9A19103F-16F7-4668-BE54-9A1E7A4F7556}") = "04_PokemonEvolution_09072017", "04_PokemonEvolution_09072017\04_PokemonEvolution_09072017.csproj", "{E67FCEE9-1B83-4FBC-92BF-1F76BC6F21E0}"
EndProject
Project("{9A19103F-16F7-4668-BE54-9A1E7A4F7556}") = "04_PopulationAggregation_062016", "04_PopulationAggregation_062016\04_PopulationAggregation_062016.csproj", "{F36D3A3F-20FB-4362-9121-F34322D0FAF2}"
EndProject
Project("{9A19103F-16F7-4668-BE54-9A1E7A4F7556}") = "04_SoftUniCoffeeSupplies_062016", "04_SoftUniCoffeeSupplies_062016\04_SoftUniCoffeeSupplies_062016.csproj", "{31745A41-30DF-4293-B4BC-F349D09624AA}"
EndProject
Project("{9A19103F-16F7-4668-BE54-9A1E7A4F7556}") = "04_Files_11092016", "04_Files_11092016\04_Files_11092016.csproj", "{BC748429-D2FC-4824-88E0-5A532C294FA1}"
EndProject
Project("{9A19103F-16F7-4668-BE54-9A1E7A4F7556}") = "03_Portal_11092016", "03_Portal_11092016\03_Portal_11092016.csproj", "{B4759A06-2613-48D2-A2FF-D93333124C41}"
EndProject
Project("{9A19103F-16F7-4668-BE54-9A1E7A4F7556}") = "04_WinningTicket_06012017", "04_WinningTicket_06012017\04_WinningTicket_06012017.csproj", "{37004E20-CCF9-432C-91B4-91B74AE139B6}"
EndProject
Project("{9A19103F-16F7-4668-BE54-9A1E7A4F7556}") = "04_RoliTheCoder_23102016", "04_RoliTheCoder_23102016\04_RoliTheCoder_23102016.csproj", "{E615B665-79F2-45B7-8ABD-DE04BE102B35}"
EndProject
Project("{9A19103F-16F7-4668-BE54-9A1E7A4F7556}") = "03_Regexmon_09072017", "03_Regexmon_09072017\03_Regexmon_09072017.csproj", "{638EB916-C6B4-49F4-B47E-5F02049F9CBD}"
EndProject
Project("{9A19103F-16F7-4668-BE54-9A1E7A4F7556}") = "03_HornetAssault_26022017", "03_HornetAssault_26022017\03_HornetAssault_26022017.csproj", "{055A3CEB-4585-476E-90F3-C189A15419EB}"
EndProject
Project("{9A19103F-16F7-4668-BE54-9A1E7A4F7556}") = "03_EnduranceRally", "03_EnduranceRally\03_EnduranceRally.csproj", "{29B82DD4-697A-402B-A855-0BC123E22C93}"
EndProject
Project("{9A19103F-16F7-4668-BE54-9A1E7A4F7556}") = "03_FootballLeague_12062016", "03_FootballLeague_12062016\03_FootballLeague_12062016.csproj", "{FD5E343E-9DB0-4F24-9324-B7AB4B8F0E36}"
EndProject
Project("{9A19103F-16F7-4668-BE54-9A1E7A4F7556}") = "04_HornetArmada_26022017", "04_HornetArmada_26022017\04_HornetArmada_26022017.csproj", "{9789A2B7-449D-4429-A28E-D02298C02020}"
EndProject
Project("{9A19103F-16F7-4668-BE54-9A1E7A4F7556}") = "03_NetherRealms_23102016", "03_NetherRealms_23102016\03_NetherRealms_23102016.csproj", "{5E59F498-72BD-4DA5-9BDC-B6C178E45B16}"
EndProject
Project("{FAE04EC0-301F-11D3-BF4B-00C04F79EFBC}") = "01_AnonymousDownsite_05112017", "01_AnonymousDownsite_05112017\01_AnonymousDownsite_05112017.csproj", "{A8526649-F6A9-48B0-91C1-3D33635607E2}"
EndProject
Project("{FAE04EC0-301F-11D3-BF4B-00C04F79EFBC}") = "02_AnonymousThreat_05112017", "02_AnonymousThreat_05112017\02_AnonymousThreat_05112017.csproj", "{DFE55349-87CD-4DD4-BDEC-F9C86B7F77B7}"
EndProject
Project("{FAE04EC0-301F-11D3-BF4B-00C04F79EFBC}") = "04_AnonimousCache_05111017", "04_AnonimousCache_05111017\04_AnonimousCache_05111017.csproj", "{DE4DA5C5-75E2-46D6-8CC1-5D5CE09D8956}"
EndProject
Project("{FAE04EC0-301F-11D3-BF4B-00C04F79EFBC}") = "03_AnonymousVox_05112017", "03_AnonymousVox_05112017\03_AnonymousVox_05112017.csproj", "{BB6DA413-66C7-48BD-8123-CAEA5D2BC980}"
EndProject
Global
	GlobalSection(SolutionConfigurationPlatforms) = preSolution
		Debug|Any CPU = Debug|Any CPU
		Release|Any CPU = Release|Any CPU
	EndGlobalSection
	GlobalSection(ProjectConfigurationPlatforms) = postSolution
		{BF3F27AC-C632-4F22-A1B5-B45E0103BF16}.Debug|Any CPU.ActiveCfg = Debug|Any CPU
		{BF3F27AC-C632-4F22-A1B5-B45E0103BF16}.Debug|Any CPU.Build.0 = Debug|Any CPU
		{BF3F27AC-C632-4F22-A1B5-B45E0103BF16}.Release|Any CPU.ActiveCfg = Release|Any CPU
		{BF3F27AC-C632-4F22-A1B5-B45E0103BF16}.Release|Any CPU.Build.0 = Release|Any CPU
		{C844C110-DECB-4682-B978-A8A3FFA46959}.Debug|Any CPU.ActiveCfg = Debug|Any CPU
		{C844C110-DECB-4682-B978-A8A3FFA46959}.Debug|Any CPU.Build.0 = Debug|Any CPU
		{C844C110-DECB-4682-B978-A8A3FFA46959}.Release|Any CPU.ActiveCfg = Release|Any CPU
		{C844C110-DECB-4682-B978-A8A3FFA46959}.Release|Any CPU.Build.0 = Release|Any CPU
		{184B361C-2490-4548-BF13-9FC66C4F1B1B}.Debug|Any CPU.ActiveCfg = Debug|Any CPU
		{184B361C-2490-4548-BF13-9FC66C4F1B1B}.Debug|Any CPU.Build.0 = Debug|Any CPU
		{184B361C-2490-4548-BF13-9FC66C4F1B1B}.Release|Any CPU.ActiveCfg = Release|Any CPU
		{184B361C-2490-4548-BF13-9FC66C4F1B1B}.Release|Any CPU.Build.0 = Release|Any CPU
		{56BE2AAB-4556-4250-8BA0-A438F6EE34C7}.Debug|Any CPU.ActiveCfg = Debug|Any CPU
		{56BE2AAB-4556-4250-8BA0-A438F6EE34C7}.Debug|Any CPU.Build.0 = Debug|Any CPU
		{56BE2AAB-4556-4250-8BA0-A438F6EE34C7}.Release|Any CPU.ActiveCfg = Release|Any CPU
		{56BE2AAB-4556-4250-8BA0-A438F6EE34C7}.Release|Any CPU.Build.0 = Release|Any CPU
		{066FF46A-D2EB-45CF-B876-8FF9EC3268F7}.Debug|Any CPU.ActiveCfg = Debug|Any CPU
		{066FF46A-D2EB-45CF-B876-8FF9EC3268F7}.Debug|Any CPU.Build.0 = Debug|Any CPU
		{066FF46A-D2EB-45CF-B876-8FF9EC3268F7}.Release|Any CPU.ActiveCfg = Release|Any CPU
		{066FF46A-D2EB-45CF-B876-8FF9EC3268F7}.Release|Any CPU.Build.0 = Release|Any CPU
		{5AA41ADB-5BA3-4BDD-9779-C838242DEA6D}.Debug|Any CPU.ActiveCfg = Debug|Any CPU
		{5AA41ADB-5BA3-4BDD-9779-C838242DEA6D}.Debug|Any CPU.Build.0 = Debug|Any CPU
		{5AA41ADB-5BA3-4BDD-9779-C838242DEA6D}.Release|Any CPU.ActiveCfg = Release|Any CPU
		{5AA41ADB-5BA3-4BDD-9779-C838242DEA6D}.Release|Any CPU.Build.0 = Release|Any CPU
		{0318AAE3-F2FD-410E-86DD-D35B351FE7D9}.Debug|Any CPU.ActiveCfg = Debug|Any CPU
		{0318AAE3-F2FD-410E-86DD-D35B351FE7D9}.Debug|Any CPU.Build.0 = Debug|Any CPU
		{0318AAE3-F2FD-410E-86DD-D35B351FE7D9}.Release|Any CPU.ActiveCfg = Release|Any CPU
		{0318AAE3-F2FD-410E-86DD-D35B351FE7D9}.Release|Any CPU.Build.0 = Release|Any CPU
		{55611CAE-1D76-4A0C-A281-8DD262A396B9}.Debug|Any CPU.ActiveCfg = Debug|Any CPU
		{55611CAE-1D76-4A0C-A281-8DD262A396B9}.Debug|Any CPU.Build.0 = Debug|Any CPU
		{55611CAE-1D76-4A0C-A281-8DD262A396B9}.Release|Any CPU.ActiveCfg = Release|Any CPU
		{55611CAE-1D76-4A0C-A281-8DD262A396B9}.Release|Any CPU.Build.0 = Release|Any CPU
		{02F9A672-BA3B-4174-A460-EE9E5943CD37}.Debug|Any CPU.ActiveCfg = Debug|Any CPU
		{02F9A672-BA3B-4174-A460-EE9E5943CD37}.Debug|Any CPU.Build.0 = Debug|Any CPU
		{02F9A672-BA3B-4174-A460-EE9E5943CD37}.Release|Any CPU.ActiveCfg = Release|Any CPU
		{02F9A672-BA3B-4174-A460-EE9E5943CD37}.Release|Any CPU.Build.0 = Release|Any CPU
		{6BF235D4-A0D3-473D-B897-B1F4AB7BD6B2}.Debug|Any CPU.ActiveCfg = Debug|Any CPU
		{6BF235D4-A0D3-473D-B897-B1F4AB7BD6B2}.Debug|Any CPU.Build.0 = Debug|Any CPU
		{6BF235D4-A0D3-473D-B897-B1F4AB7BD6B2}.Release|Any CPU.ActiveCfg = Release|Any CPU
		{6BF235D4-A0D3-473D-B897-B1F4AB7BD6B2}.Release|Any CPU.Build.0 = Release|Any CPU
		{AA806FD2-BA5C-40AD-B3A9-679DDCC0710D}.Debug|Any CPU.ActiveCfg = Debug|Any CPU
		{AA806FD2-BA5C-40AD-B3A9-679DDCC0710D}.Debug|Any CPU.Build.0 = Debug|Any CPU
		{AA806FD2-BA5C-40AD-B3A9-679DDCC0710D}.Release|Any CPU.ActiveCfg = Release|Any CPU
		{AA806FD2-BA5C-40AD-B3A9-679DDCC0710D}.Release|Any CPU.Build.0 = Release|Any CPU
		{DEE1D29E-5C3F-4827-B9C8-D7318E8088EF}.Debug|Any CPU.ActiveCfg = Debug|Any CPU
		{DEE1D29E-5C3F-4827-B9C8-D7318E8088EF}.Debug|Any CPU.Build.0 = Debug|Any CPU
		{DEE1D29E-5C3F-4827-B9C8-D7318E8088EF}.Release|Any CPU.ActiveCfg = Release|Any CPU
		{DEE1D29E-5C3F-4827-B9C8-D7318E8088EF}.Release|Any CPU.Build.0 = Release|Any CPU
		{919A19D5-7EC3-409C-8DD4-9795F14CC20C}.Debug|Any CPU.ActiveCfg = Debug|Any CPU
		{919A19D5-7EC3-409C-8DD4-9795F14CC20C}.Debug|Any CPU.Build.0 = Debug|Any CPU
		{919A19D5-7EC3-409C-8DD4-9795F14CC20C}.Release|Any CPU.ActiveCfg = Release|Any CPU
		{919A19D5-7EC3-409C-8DD4-9795F14CC20C}.Release|Any CPU.Build.0 = Release|Any CPU
		{5E45EC96-52A6-4B43-8353-7BB9DC16E79F}.Debug|Any CPU.ActiveCfg = Debug|Any CPU
		{5E45EC96-52A6-4B43-8353-7BB9DC16E79F}.Debug|Any CPU.Build.0 = Debug|Any CPU
		{5E45EC96-52A6-4B43-8353-7BB9DC16E79F}.Release|Any CPU.ActiveCfg = Release|Any CPU
		{5E45EC96-52A6-4B43-8353-7BB9DC16E79F}.Release|Any CPU.Build.0 = Release|Any CPU
		{E67FCEE9-1B83-4FBC-92BF-1F76BC6F21E0}.Debug|Any CPU.ActiveCfg = Debug|Any CPU
		{E67FCEE9-1B83-4FBC-92BF-1F76BC6F21E0}.Debug|Any CPU.Build.0 = Debug|Any CPU
		{E67FCEE9-1B83-4FBC-92BF-1F76BC6F21E0}.Release|Any CPU.ActiveCfg = Release|Any CPU
		{E67FCEE9-1B83-4FBC-92BF-1F76BC6F21E0}.Release|Any CPU.Build.0 = Release|Any CPU
		{F36D3A3F-20FB-4362-9121-F34322D0FAF2}.Debug|Any CPU.ActiveCfg = Debug|Any CPU
		{F36D3A3F-20FB-4362-9121-F34322D0FAF2}.Debug|Any CPU.Build.0 = Debug|Any CPU
		{F36D3A3F-20FB-4362-9121-F34322D0FAF2}.Release|Any CPU.ActiveCfg = Release|Any CPU
		{F36D3A3F-20FB-4362-9121-F34322D0FAF2}.Release|Any CPU.Build.0 = Release|Any CPU
		{31745A41-30DF-4293-B4BC-F349D09624AA}.Debug|Any CPU.ActiveCfg = Debug|Any CPU
		{31745A41-30DF-4293-B4BC-F349D09624AA}.Debug|Any CPU.Build.0 = Debug|Any CPU
		{31745A41-30DF-4293-B4BC-F349D09624AA}.Release|Any CPU.ActiveCfg = Release|Any CPU
		{31745A41-30DF-4293-B4BC-F349D09624AA}.Release|Any CPU.Build.0 = Release|Any CPU
		{BC748429-D2FC-4824-88E0-5A532C294FA1}.Debug|Any CPU.ActiveCfg = Debug|Any CPU
		{BC748429-D2FC-4824-88E0-5A532C294FA1}.Debug|Any CPU.Build.0 = Debug|Any CPU
		{BC748429-D2FC-4824-88E0-5A532C294FA1}.Release|Any CPU.ActiveCfg = Release|Any CPU
		{BC748429-D2FC-4824-88E0-5A532C294FA1}.Release|Any CPU.Build.0 = Release|Any CPU
		{B4759A06-2613-48D2-A2FF-D93333124C41}.Debug|Any CPU.ActiveCfg = Debug|Any CPU
		{B4759A06-2613-48D2-A2FF-D93333124C41}.Debug|Any CPU.Build.0 = Debug|Any CPU
		{B4759A06-2613-48D2-A2FF-D93333124C41}.Release|Any CPU.ActiveCfg = Release|Any CPU
		{B4759A06-2613-48D2-A2FF-D93333124C41}.Release|Any CPU.Build.0 = Release|Any CPU
		{37004E20-CCF9-432C-91B4-91B74AE139B6}.Debug|Any CPU.ActiveCfg = Debug|Any CPU
		{37004E20-CCF9-432C-91B4-91B74AE139B6}.Debug|Any CPU.Build.0 = Debug|Any CPU
		{37004E20-CCF9-432C-91B4-91B74AE139B6}.Release|Any CPU.ActiveCfg = Release|Any CPU
		{37004E20-CCF9-432C-91B4-91B74AE139B6}.Release|Any CPU.Build.0 = Release|Any CPU
		{E615B665-79F2-45B7-8ABD-DE04BE102B35}.Debug|Any CPU.ActiveCfg = Debug|Any CPU
		{E615B665-79F2-45B7-8ABD-DE04BE102B35}.Debug|Any CPU.Build.0 = Debug|Any CPU
		{E615B665-79F2-45B7-8ABD-DE04BE102B35}.Release|Any CPU.ActiveCfg = Release|Any CPU
		{E615B665-79F2-45B7-8ABD-DE04BE102B35}.Release|Any CPU.Build.0 = Release|Any CPU
		{638EB916-C6B4-49F4-B47E-5F02049F9CBD}.Debug|Any CPU.ActiveCfg = Debug|Any CPU
		{638EB916-C6B4-49F4-B47E-5F02049F9CBD}.Debug|Any CPU.Build.0 = Debug|Any CPU
		{638EB916-C6B4-49F4-B47E-5F02049F9CBD}.Release|Any CPU.ActiveCfg = Release|Any CPU
		{638EB916-C6B4-49F4-B47E-5F02049F9CBD}.Release|Any CPU.Build.0 = Release|Any CPU
		{055A3CEB-4585-476E-90F3-C189A15419EB}.Debug|Any CPU.ActiveCfg = Debug|Any CPU
		{055A3CEB-4585-476E-90F3-C189A15419EB}.Debug|Any CPU.Build.0 = Debug|Any CPU
		{055A3CEB-4585-476E-90F3-C189A15419EB}.Release|Any CPU.ActiveCfg = Release|Any CPU
		{055A3CEB-4585-476E-90F3-C189A15419EB}.Release|Any CPU.Build.0 = Release|Any CPU
		{29B82DD4-697A-402B-A855-0BC123E22C93}.Debug|Any CPU.ActiveCfg = Debug|Any CPU
		{29B82DD4-697A-402B-A855-0BC123E22C93}.Debug|Any CPU.Build.0 = Debug|Any CPU
		{29B82DD4-697A-402B-A855-0BC123E22C93}.Release|Any CPU.ActiveCfg = Release|Any CPU
		{29B82DD4-697A-402B-A855-0BC123E22C93}.Release|Any CPU.Build.0 = Release|Any CPU
		{FD5E343E-9DB0-4F24-9324-B7AB4B8F0E36}.Debug|Any CPU.ActiveCfg = Debug|Any CPU
		{FD5E343E-9DB0-4F24-9324-B7AB4B8F0E36}.Debug|Any CPU.Build.0 = Debug|Any CPU
		{FD5E343E-9DB0-4F24-9324-B7AB4B8F0E36}.Release|Any CPU.ActiveCfg = Release|Any CPU
		{FD5E343E-9DB0-4F24-9324-B7AB4B8F0E36}.Release|Any CPU.Build.0 = Release|Any CPU
		{9789A2B7-449D-4429-A28E-D02298C02020}.Debug|Any CPU.ActiveCfg = Debug|Any CPU
		{9789A2B7-449D-4429-A28E-D02298C02020}.Debug|Any CPU.Build.0 = Debug|Any CPU
		{9789A2B7-449D-4429-A28E-D02298C02020}.Release|Any CPU.ActiveCfg = Release|Any CPU
		{9789A2B7-449D-4429-A28E-D02298C02020}.Release|Any CPU.Build.0 = Release|Any CPU
		{5E59F498-72BD-4DA5-9BDC-B6C178E45B16}.Debug|Any CPU.ActiveCfg = Debug|Any CPU
		{5E59F498-72BD-4DA5-9BDC-B6C178E45B16}.Debug|Any CPU.Build.0 = Debug|Any CPU
		{5E59F498-72BD-4DA5-9BDC-B6C178E45B16}.Release|Any CPU.ActiveCfg = Release|Any CPU
		{5E59F498-72BD-4DA5-9BDC-B6C178E45B16}.Release|Any CPU.Build.0 = Release|Any CPU
		{A8526649-F6A9-48B0-91C1-3D33635607E2}.Debug|Any CPU.ActiveCfg = Debug|Any CPU
		{A8526649-F6A9-48B0-91C1-3D33635607E2}.Debug|Any CPU.Build.0 = Debug|Any CPU
		{A8526649-F6A9-48B0-91C1-3D33635607E2}.Release|Any CPU.ActiveCfg = Release|Any CPU
		{A8526649-F6A9-48B0-91C1-3D33635607E2}.Release|Any CPU.Build.0 = Release|Any CPU
		{DFE55349-87CD-4DD4-BDEC-F9C86B7F77B7}.Debug|Any CPU.ActiveCfg = Debug|Any CPU
		{DFE55349-87CD-4DD4-BDEC-F9C86B7F77B7}.Debug|Any CPU.Build.0 = Debug|Any CPU
		{DFE55349-87CD-4DD4-BDEC-F9C86B7F77B7}.Release|Any CPU.ActiveCfg = Release|Any CPU
		{DFE55349-87CD-4DD4-BDEC-F9C86B7F77B7}.Release|Any CPU.Build.0 = Release|Any CPU
		{DE4DA5C5-75E2-46D6-8CC1-5D5CE09D8956}.Debug|Any CPU.ActiveCfg = Debug|Any CPU
		{DE4DA5C5-75E2-46D6-8CC1-5D5CE09D8956}.Debug|Any CPU.Build.0 = Debug|Any CPU
		{DE4DA5C5-75E2-46D6-8CC1-5D5CE09D8956}.Release|Any CPU.ActiveCfg = Release|Any CPU
		{DE4DA5C5-75E2-46D6-8CC1-5D5CE09D8956}.Release|Any CPU.Build.0 = Release|Any CPU
		{BB6DA413-66C7-48BD-8123-CAEA5D2BC980}.Debug|Any CPU.ActiveCfg = Debug|Any CPU
		{BB6DA413-66C7-48BD-8123-CAEA5D2BC980}.Debug|Any CPU.Build.0 = Debug|Any CPU
		{BB6DA413-66C7-48BD-8123-CAEA5D2BC980}.Release|Any CPU.ActiveCfg = Release|Any CPU
		{BB6DA413-66C7-48BD-8123-CAEA5D2BC980}.Release|Any CPU.Build.0 = Release|Any CPU
	EndGlobalSection
	GlobalSection(SolutionProperties) = preSolution
		HideSolutionNode = FALSE
	EndGlobalSection
	GlobalSection(ExtensibilityGlobals) = postSolution
		SolutionGuid = {9DA74C3C-092B-40CC-B07E-B90FFC8F9B43}
	EndGlobalSection
EndGlobal
