
Microsoft Visual Studio Solution File, Format Version 12.00
# Visual Studio 15
VisualStudioVersion = 15.0.27004.2002
MinimumVisualStudioVersion = 10.0.40219.1
Project("{FAE04EC0-301F-11D3-BF4B-00C04F79EFBC}") = "0101_Greetings", "0101_Greetings\0101_Greetings.csproj", "{6B9EAA75-7AC8-4648-BBC4-F35560FA4383}"
EndProject
Project("{FAE04EC0-301F-11D3-BF4B-00C04F79EFBC}") = "0102_AddTwoNumbers", "0102_AddTwoNumbers\0102_AddTwoNumbers.csproj", "{15D68B8C-9B49-4C48-8D6B-800241E54541}"
EndProject
Project("{FAE04EC0-301F-11D3-BF4B-00C04F79EFBC}") = "0103_EmployeeData", "0103_EmployeeData\0103_EmployeeData.csproj", "{001BB1D8-5E53-469D-93CF-95BA16548CFE}"
EndProject
Project("{FAE04EC0-301F-11D3-BF4B-00C04F79EFBC}") = "0201_Passed", "0201_Passed\0201_Passed.csproj", "{44AFB2ED-94B0-4495-B748-256AA6C07304}"
EndProject
Project("{FAE04EC0-301F-11D3-BF4B-00C04F79EFBC}") = "0202_PassedOrFailed", "0202_PassedOrFailed\0202_PassedOrFailed.csproj", "{1FCD9FED-0468-4EE3-A169-D2D407B08484}"
EndProject
Project("{FAE04EC0-301F-11D3-BF4B-00C04F79EFBC}") = "0204_MonthPrinter", "0204_MonthPrinter\0204_MonthPrinter.csproj", "{5B5B7889-42E4-4A81-AC08-05C10C64D6DF}"
EndProject
Project("{FAE04EC0-301F-11D3-BF4B-00C04F79EFBC}") = "0203_BackIn30Minutes", "0203_BackIn30Minutes\0203_BackIn30Minutes.csproj", "{C403FADF-FCC6-4DB2-87D8-902348137E22}"
EndProject
Project("{FAE04EC0-301F-11D3-BF4B-00C04F79EFBC}") = "0205_ForeignLanguages", "0205_ForeignLanguages\0205_ForeignLanguages.csproj", "{514E8FE0-FEF1-48DE-9262-70C00DFD1D68}"
EndProject
Project("{FAE04EC0-301F-11D3-BF4B-00C04F79EFBC}") = "0206_TheatrePromotion", "0206_TheatrePromotion\0206_TheatrePromotion.csproj", "{252D5628-1330-449A-ADFD-0D9F180B3D88}"
EndProject
Project("{FAE04EC0-301F-11D3-BF4B-00C04F79EFBC}") = "0207_DivisibleBy3", "0207_DivisibleBy3\0207_DivisibleBy3.csproj", "{23365133-2B9D-4213-B769-28515F1E5E9F}"
EndProject
Project("{FAE04EC0-301F-11D3-BF4B-00C04F79EFBC}") = "0208_SumOfOddNumbers", "0208_SumOfOddNumbers\0208_SumOfOddNumbers.csproj", "{12B493F4-208C-4F7B-9F17-814B57B904A7}"
EndProject
Project("{FAE04EC0-301F-11D3-BF4B-00C04F79EFBC}") = "0209_MultiplicationTable", "0209_MultiplicationTable\0209_MultiplicationTable.csproj", "{C8E26E08-542D-43E1-BCB0-A9DAE035F717}"
EndProject
Project("{FAE04EC0-301F-11D3-BF4B-00C04F79EFBC}") = "0210_MultiplicationTable.2.0", "0210_MultiplicationTable.2.0\0210_MultiplicationTable.2.0.csproj", "{D9B4D020-7F48-4433-BFFE-116F937A8F3F}"
EndProject
Project("{FAE04EC0-301F-11D3-BF4B-00C04F79EFBC}") = "0211_OddNumber", "0211_OddNumber\0211_OddNumber.csproj", "{76A91716-2B4E-49B0-B8CD-FE12FC30EDDD}"
EndProject
Project("{FAE04EC0-301F-11D3-BF4B-00C04F79EFBC}") = "0212_NumberChecker", "0212_NumberChecker\0212_NumberChecker.csproj", "{220FD85E-B24E-4698-BAC0-91261812A978}"
EndProject
Project("{FAE04EC0-301F-11D3-BF4B-00C04F79EFBC}") = "0408_RefactorVolumeOfPyramid", "0408_RefactorVolumeOfPyramid\0408_RefactorVolumeOfPyramid.csproj", "{55576C64-791F-49F9-920B-3DFDDAC6BFAD}"
EndProject
Project("{FAE04EC0-301F-11D3-BF4B-00C04F79EFBC}") = "0409_RefactorSpecialNumbers", "0409_RefactorSpecialNumbers\0409_RefactorSpecialNumbers.csproj", "{9332FF75-2DA3-4B05-9AF8-BA2351F8FB2F}"
EndProject
Project("{FAE04EC0-301F-11D3-BF4B-00C04F79EFBC}") = "0401_CenturiesToMinutes", "0401_CenturiesToMinutes\0401_CenturiesToMinutes.csproj", "{F87D9866-4AAB-4BE4-B98E-C6F176DFBEE9}"
EndProject
Project("{FAE04EC0-301F-11D3-BF4B-00C04F79EFBC}") = "0402_CircleAreaWithPrecision", "0402_CircleAreaWithPrecision\0402_CircleAreaWithPrecision.csproj", "{D75520FC-84C7-4A6F-9AB2-1DFD526F4850}"
EndProject
Project("{FAE04EC0-301F-11D3-BF4B-00C04F79EFBC}") = "0403_ExactSumOfRealNumbers", "0403_ExactSumOfRealNumbers\0403_ExactSumOfRealNumbers.csproj", "{D3A6E43B-B7EA-4619-907F-17BAAF62E6F0}"
EndProject
Project("{FAE04EC0-301F-11D3-BF4B-00C04F79EFBC}") = "0404_Elevator", "0404_Elevator\0404_Elevator.csproj", "{A434D92D-C41E-4441-9FF0-A7C3F88C9871}"
EndProject
Project("{FAE04EC0-301F-11D3-BF4B-00C04F79EFBC}") = "0405_SpecialNumbers", "0405_SpecialNumbers\0405_SpecialNumbers.csproj", "{1C7EC886-A2E6-4C32-89FD-97F0D886537E}"
EndProject
Project("{FAE04EC0-301F-11D3-BF4B-00C04F79EFBC}") = "0406_TriplesOfLatinLetters", "0406_TriplesOfLatinLetters\0406_TriplesOfLatinLetters.csproj", "{20609C92-5527-4B49-865A-FE9EB24ACB2D}"
EndProject
Project("{FAE04EC0-301F-11D3-BF4B-00C04F79EFBC}") = "0407_Greeteing", "0407_Greeteing\0407_Greeteing.csproj", "{8230219F-10F2-4376-8E97-1C8C67C30AEE}"
EndProject
Project("{FAE04EC0-301F-11D3-BF4B-00C04F79EFBC}") = "0501_BlankReceipt", "0501_BlankReceipt\0501_BlankReceipt.csproj", "{12B92E61-877C-49A3-8F29-13EFF6E7612D}"
EndProject
Project("{FAE04EC0-301F-11D3-BF4B-00C04F79EFBC}") = "0502_SignOfIntegerNumbers", "0502_SignOfIntegerNumbers\0502_SignOfIntegerNumbers.csproj", "{8031E6B2-3214-46BF-B5DB-A5129DA6730C}"
EndProject
Project("{FAE04EC0-301F-11D3-BF4B-00C04F79EFBC}") = "0503_PrintTriangle", "0503_PrintTriangle\0503_PrintTriangle.csproj", "{394582DC-BCC4-4822-9872-10CF8A28F6A2}"
EndProject
Project("{FAE04EC0-301F-11D3-BF4B-00C04F79EFBC}") = "0504_DrawFilledSquare", "0504_DrawFilledSquare\0504_DrawFilledSquare.csproj", "{BA3F4C62-F1E9-48FF-AC9C-0E6788A0410A}"
EndProject
Project("{FAE04EC0-301F-11D3-BF4B-00C04F79EFBC}") = "0505_TemperatureConversion", "0505_TemperatureConversion\0505_TemperatureConversion.csproj", "{294C29E6-7AAD-4DD0-A079-417B8A02A9EF}"
EndProject
Project("{FAE04EC0-301F-11D3-BF4B-00C04F79EFBC}") = "0506_CalculateTriangleArea", "0506_CalculateTriangleArea\0506_CalculateTriangleArea.csproj", "{D6E458E4-9164-40E1-A1B4-2CD7D265000E}"
EndProject
Project("{FAE04EC0-301F-11D3-BF4B-00C04F79EFBC}") = "0507_MathPower", "0507_MathPower\0507_MathPower.csproj", "{CFD48E86-C350-4E3D-A8FC-02ECE3F6A4EB}"
EndProject
Project("{FAE04EC0-301F-11D3-BF4B-00C04F79EFBC}") = "0508_GreaterOfTwoValues", "0508_GreaterOfTwoValues\0508_GreaterOfTwoValues.csproj", "{9622BEE8-35DC-4D45-9DF0-740ECDB4E916}"
EndProject
Project("{FAE04EC0-301F-11D3-BF4B-00C04F79EFBC}") = "0509_MultiplyEvensByOdds", "0509_MultiplyEvensByOdds\0509_MultiplyEvensByOdds.csproj", "{9765B1C0-C66B-40D4-940D-F2C0E0988A66}"
EndProject
Project("{FAE04EC0-301F-11D3-BF4B-00C04F79EFBC}") = "0511_PriceChangeAlert", "0511_PriceChangeAlert\0511_PriceChangeAlert.csproj", "{ECBE15BF-6C83-456A-8605-EE683A94D082}"
EndProject
Project("{FAE04EC0-301F-11D3-BF4B-00C04F79EFBC}") = "0510_HolidaysBetweenTwoDates", "0510_HolidaysBetweenTwoDates\0510_HolidaysBetweenTwoDates.csproj", "{50647B1A-4035-4924-BFB5-2A5D22E568B8}"
EndProject
Project("{FAE04EC0-301F-11D3-BF4B-00C04F79EFBC}") = "0601_DaysOfWeek", "0601_DaysOfWeek\0601_DaysOfWeek.csproj", "{10A7E84C-6323-4F03-855D-1102C456E407}"
EndProject
Project("{FAE04EC0-301F-11D3-BF4B-00C04F79EFBC}") = "0602_ReverseArrayOfInteger", "0602_ReverseArrayOfInteger\0602_ReverseArrayOfInteger.csproj", "{946282C0-D865-428D-A93E-68A43824FDF0}"
EndProject
Project("{FAE04EC0-301F-11D3-BF4B-00C04F79EFBC}") = "0603_LastKNumbersSumsSequence", "0603_LastKNumbersSumsSequence\0603_LastKNumbersSumsSequence.csproj", "{F72F9A02-15D9-4AEF-BA07-9D49CE3EC294}"
EndProject
Project("{FAE04EC0-301F-11D3-BF4B-00C04F79EFBC}") = "0604_TripleSum", "0604_TripleSum\0604_TripleSum.csproj", "{2B55185C-5DF0-423E-A537-EBB2B62C6B72}"
EndProject
Project("{FAE04EC0-301F-11D3-BF4B-00C04F79EFBC}") = "0605_RoundingNumbers", "0605_RoundingNumbers\0605_RoundingNumbers.csproj", "{2F07771A-7D91-458F-A6CC-EC5B6E6B0833}"
EndProject
Project("{FAE04EC0-301F-11D3-BF4B-00C04F79EFBC}") = "0606_ReverseArrayOfStrings", "0606_ReverseArrayOfStrings\0606_ReverseArrayOfStrings.csproj", "{605B73AE-6086-406B-B01D-F402F81A744A}"
EndProject
Project("{FAE04EC0-301F-11D3-BF4B-00C04F79EFBC}") = "0607_SumArrays", "0607_SumArrays\0607_SumArrays.csproj", "{50FEA350-8A8B-4A24-B067-79F12D2AECAE}"
EndProject
Project("{FAE04EC0-301F-11D3-BF4B-00C04F79EFBC}") = "0608_CondenseArrayToNumber", "0608_CondenseArrayToNumber\0608_CondenseArrayToNumber.csproj", "{81999981-28F1-42F8-AAF6-424D5905BCD6}"
EndProject
Project("{FAE04EC0-301F-11D3-BF4B-00C04F79EFBC}") = "0609_ExtractMiddleElements", "0609_ExtractMiddleElements\0609_ExtractMiddleElements.csproj", "{6E1C40EE-A0F0-4B5A-B87B-53513980BD31}"
EndProject
Project("{FAE04EC0-301F-11D3-BF4B-00C04F79EFBC}") = "0701_RemoveNegativeAndReverse", "0701_RemoveNegativeAndReverse\0701_RemoveNegativeAndReverse.csproj", "{C0CEFC67-3032-48EA-B3AB-95C1535374A7}"
EndProject
Project("{FAE04EC0-301F-11D3-BF4B-00C04F79EFBC}") = "0702_AppendLists", "0702_AppendLists\0702_AppendLists.csproj", "{AC4AEE9F-35A7-4FC6-83FF-CD8AD710DCC0}"
EndProject
Project("{FAE04EC0-301F-11D3-BF4B-00C04F79EFBC}") = "0705_SortNumbers", "0705_SortNumbers\0705_SortNumbers.csproj", "{8DFD6905-7617-4FC9-8E14-F2ACF2A4BFED}"
EndProject
Project("{FAE04EC0-301F-11D3-BF4B-00C04F79EFBC}") = "0706_SquareNumbers", "0706_SquareNumbers\0706_SquareNumbers.csproj", "{BB81B01C-F72B-4E1C-94BB-572C5497B5C0}"
EndProject
Project("{FAE04EC0-301F-11D3-BF4B-00C04F79EFBC}") = "0707_CountNumbers", "0707_CountNumbers\0707_CountNumbers.csproj", "{E1CAA8CD-0C46-477A-9904-02DE28990C29}"
EndProject
Project("{FAE04EC0-301F-11D3-BF4B-00C04F79EFBC}") = "9999_Test", "9999_Test\9999_Test.csproj", "{E9D93F8F-EF8C-4D04-8290-5C77F4346CF8}"
EndProject
Project("{FAE04EC0-301F-11D3-BF4B-00C04F79EFBC}") = "0703_SumAdjacentEqualNumbers", "0703_SumAdjacentEqualNumbers\0703_SumAdjacentEqualNumbers.csproj", "{8695C1A1-F1E7-45EC-BD49-2262CA91E2DC}"
EndProject
Project("{FAE04EC0-301F-11D3-BF4B-00C04F79EFBC}") = "0704_SplitByWordCasing", "0704_SplitByWordCasing\0704_SplitByWordCasing.csproj", "{353A4881-AAA1-47F3-AF6D-8FAEE92C595C}"
EndProject
Project("{9A19103F-16F7-4668-BE54-9A1E7A4F7556}") = "0801_CountRealNumbers", "0801_CountRealNumbers\0801_CountRealNumbers.csproj", "{58F31EA3-AE45-4197-9CF2-1092F1752D94}"
EndProject
Project("{9A19103F-16F7-4668-BE54-9A1E7A4F7556}") = "0802_OddOccurences", "0802_OddOccurences\0802_OddOccurences.csproj", "{11C25315-740F-4C0E-8DBE-4B99AF4BA543}"
EndProject
Project("{9A19103F-16F7-4668-BE54-9A1E7A4F7556}") = "9999_Snippets", "9999_Snippets\9999_Snippets.csproj", "{E3D66542-2970-43F7-82C5-CA259A73A903}"
EndProject
Project("{9A19103F-16F7-4668-BE54-9A1E7A4F7556}") = "0800_DictionariesLambdaLinq_Demo", "0800_DictionariesLambdaLinq_Demo\0800_DictionariesLambdaLinq_Demo.csproj", "{F7BBE1A7-9144-424C-8AFE-E3062D2182BB}"
EndProject
Project("{9A19103F-16F7-4668-BE54-9A1E7A4F7556}") = "0803_SumMinMaxAverage", "0803_SumMinMaxAverage\0803_SumMinMaxAverage.csproj", "{B9F257F3-385E-42FA-AADC-AFADD99C9456}"
EndProject
Project("{9A19103F-16F7-4668-BE54-9A1E7A4F7556}") = "0804_LargestThreeNumbers", "0804_LargestThreeNumbers\0804_LargestThreeNumbers.csproj", "{B9976FD5-7326-4565-BEA8-D26BE1755313}"
EndProject
Project("{9A19103F-16F7-4668-BE54-9A1E7A4F7556}") = "0805_ShortWordsSorted", "0805_ShortWordsSorted\0805_ShortWordsSorted.csproj", "{6B0E0245-0E67-49FA-A81E-3DD4778E5B78}"
EndProject
Project("{9A19103F-16F7-4668-BE54-9A1E7A4F7556}") = "0806_FoldAndSum", "0806_FoldAndSum\0806_FoldAndSum.csproj", "{C163949B-1320-4836-9FF5-D7734FFC918B}"
EndProject
Project("{9A19103F-16F7-4668-BE54-9A1E7A4F7556}") = "0900_ObjectsAndClasses_Demo", "0900_ObjectsAndClasses_Demo\0900_ObjectsAndClasses_Demo.csproj", "{9B417B9A-AAB4-47FC-BF49-A5F5F4213ACC}"
EndProject
Project("{9A19103F-16F7-4668-BE54-9A1E7A4F7556}") = "0901_DayOfWeek", "0901_DayOfWeek\0901_DayOfWeek.csproj", "{C389A617-13FE-457E-9B32-68714EC5BB05}"
EndProject
Project("{9A19103F-16F7-4668-BE54-9A1E7A4F7556}") = "0902_RandomizeWords", "0902_RandomizeWords\0902_RandomizeWords.csproj", "{45158940-C7D3-4683-9920-7CEFB3723AD0}"
EndProject
Project("{9A19103F-16F7-4668-BE54-9A1E7A4F7556}") = "0904_DistanceBetweenPoints", "0904_DistanceBetweenPoints\0904_DistanceBetweenPoints.csproj", "{AC5C32B9-F30D-43A0-B255-0267A952D9CF}"
EndProject
Project("{9A19103F-16F7-4668-BE54-9A1E7A4F7556}") = "0905_ClosestTwoPoints", "0905_ClosestTwoPoints\0905_ClosestTwoPoints.csproj", "{04185B9D-ED01-427E-863D-44104AC994B5}"
EndProject
Project("{9A19103F-16F7-4668-BE54-9A1E7A4F7556}") = "0903_BigFactorial", "0903_BigFactorial\0903_BigFactorial.csproj", "{5A7C96D5-9FBF-4A41-944E-34D21A0EF392}"
EndProject
Project("{9A19103F-16F7-4668-BE54-9A1E7A4F7556}") = "0906_RectanglePosition", "0906_RectanglePosition\0906_RectanglePosition.csproj", "{050C28FD-4A6B-4349-892C-C16CBFC49FC7}"
EndProject
Project("{9A19103F-16F7-4668-BE54-9A1E7A4F7556}") = "0907_SalesReport", "0907_SalesReport\0907_SalesReport.csproj", "{FF3D2EB1-2491-4852-B77D-D50B3ECEC732}"
EndProject
Project("{9A19103F-16F7-4668-BE54-9A1E7A4F7556}") = "1000_FilesDirectoriesAndExceptions_Demo", "1000_FilesDirectoriesAndExceptions_Demo\1000_FilesDirectoriesAndExceptions_Demo.csproj", "{04E5E8BC-D91F-4E62-B5B2-3033CB2FF84A}"
EndProject
Project("{9A19103F-16F7-4668-BE54-9A1E7A4F7556}") = "1001_OddLines", "1001_OddLines\1001_OddLines.csproj", "{F1F15F24-D8B9-47CB-BD26-8DCBE560C5A6}"
EndProject
Project("{9A19103F-16F7-4668-BE54-9A1E7A4F7556}") = "1002_LineNumbers", "1002_LineNumbers\1002_LineNumbers.csproj", "{D11B66A2-3D9D-456C-8006-CC7785B701B2}"
EndProject
Project("{9A19103F-16F7-4668-BE54-9A1E7A4F7556}") = "1003_WordCount", "1003_WordCount\1003_WordCount.csproj", "{9F2E1222-0051-4377-A844-D9DE221BE194}"
EndProject
Project("{9A19103F-16F7-4668-BE54-9A1E7A4F7556}") = "1004_MergeFiles", "1004_MergeFiles\1004_MergeFiles.csproj", "{E4248403-6D71-4754-A383-990977A9BC6A}"
EndProject
Project("{9A19103F-16F7-4668-BE54-9A1E7A4F7556}") = "1005_FolderSize", "1005_FolderSize\1005_FolderSize.csproj", "{2AC7E052-9B5C-43A4-B853-DE4EF7582374}"
EndProject
Project("{9A19103F-16F7-4668-BE54-9A1E7A4F7556}") = "1101_ReverseString", "1101_ReverseString\1101_ReverseString.csproj", "{6ECA5A8F-80DF-4468-B743-FAF93E72476A}"
EndProject
Project("{9A19103F-16F7-4668-BE54-9A1E7A4F7556}") = "1100_StringsAndTextProcessing_Demo", "1100_StringsAndTextProcessing_Demo\1100_StringsAndTextProcessing_Demo.csproj", "{1AB34291-6C68-4931-80A4-8D2F414D05FD}"
EndProject
Project("{9A19103F-16F7-4668-BE54-9A1E7A4F7556}") = "1102_CountSubstringOccurances", "1102_CountSubstringOccurances\1102_CountSubstringOccurances.csproj", "{28F4AAA6-5152-42AF-8141-35C24B886427}"
EndProject
Project("{9A19103F-16F7-4668-BE54-9A1E7A4F7556}") = "1201_MatchFullName", "1201_MatchFullName\1201_MatchFullName.csproj", "{E139016A-1179-4075-9B8D-E1FE0F11AEC0}"
EndProject
Project("{9A19103F-16F7-4668-BE54-9A1E7A4F7556}") = "1202_MatchPhoneNumber", "1202_MatchPhoneNumber\1202_MatchPhoneNumber.csproj", "{5710ACC0-E529-44A0-8F73-72B31C17C53B}"
EndProject
Project("{9A19103F-16F7-4668-BE54-9A1E7A4F7556}") = "1203_MatchHexadecimalNumber", "1203_MatchHexadecimalNumber\1203_MatchHexadecimalNumber.csproj", "{2E3A5DBF-2559-4BF0-93AF-B1B148D97160}"
EndProject
Project("{9A19103F-16F7-4668-BE54-9A1E7A4F7556}") = "1205_MatchNumbers", "1205_MatchNumbers\1205_MatchNumbers.csproj", "{C44413D2-223E-45A6-BC8C-34C5342D0917}"
EndProject
Project("{9A19103F-16F7-4668-BE54-9A1E7A4F7556}") = "1204_MatchDates", "1204_MatchDates\1204_MatchDates.csproj", "{068C6754-8CD4-4583-A788-51921ABF985B}"
EndProject
Project("{9A19103F-16F7-4668-BE54-9A1E7A4F7556}") = "1206_ReplaceATag", "1206_ReplaceATag\1206_ReplaceATag.csproj", "{E88706C7-89C6-4426-8A11-6D7839E6AF91}"
EndProject
Project("{FAE04EC0-301F-11D3-BF4B-00C04F79EFBC}") = "1103_TestFilter", "1103_TestFilter\1103_TestFilter.csproj", "{0869AF5B-8BCD-4314-B6C3-952DC1BDB620}"
EndProject
Project("{FAE04EC0-301F-11D3-BF4B-00C04F79EFBC}") = "1104_Palindromes", "1104_Palindromes\1104_Palindromes.csproj", "{8DF330DA-1766-48EF-933A-F083BA22B26D}"
EndProject
Global
	GlobalSection(SolutionConfigurationPlatforms) = preSolution
		Debug|Any CPU = Debug|Any CPU
		Release|Any CPU = Release|Any CPU
	EndGlobalSection
	GlobalSection(ProjectConfigurationPlatforms) = postSolution
		{6B9EAA75-7AC8-4648-BBC4-F35560FA4383}.Debug|Any CPU.ActiveCfg = Debug|Any CPU
		{6B9EAA75-7AC8-4648-BBC4-F35560FA4383}.Debug|Any CPU.Build.0 = Debug|Any CPU
		{6B9EAA75-7AC8-4648-BBC4-F35560FA4383}.Release|Any CPU.ActiveCfg = Release|Any CPU
		{6B9EAA75-7AC8-4648-BBC4-F35560FA4383}.Release|Any CPU.Build.0 = Release|Any CPU
		{15D68B8C-9B49-4C48-8D6B-800241E54541}.Debug|Any CPU.ActiveCfg = Debug|Any CPU
		{15D68B8C-9B49-4C48-8D6B-800241E54541}.Debug|Any CPU.Build.0 = Debug|Any CPU
		{15D68B8C-9B49-4C48-8D6B-800241E54541}.Release|Any CPU.ActiveCfg = Release|Any CPU
		{15D68B8C-9B49-4C48-8D6B-800241E54541}.Release|Any CPU.Build.0 = Release|Any CPU
		{001BB1D8-5E53-469D-93CF-95BA16548CFE}.Debug|Any CPU.ActiveCfg = Debug|Any CPU
		{001BB1D8-5E53-469D-93CF-95BA16548CFE}.Debug|Any CPU.Build.0 = Debug|Any CPU
		{001BB1D8-5E53-469D-93CF-95BA16548CFE}.Release|Any CPU.ActiveCfg = Release|Any CPU
		{001BB1D8-5E53-469D-93CF-95BA16548CFE}.Release|Any CPU.Build.0 = Release|Any CPU
		{44AFB2ED-94B0-4495-B748-256AA6C07304}.Debug|Any CPU.ActiveCfg = Debug|Any CPU
		{44AFB2ED-94B0-4495-B748-256AA6C07304}.Debug|Any CPU.Build.0 = Debug|Any CPU
		{44AFB2ED-94B0-4495-B748-256AA6C07304}.Release|Any CPU.ActiveCfg = Release|Any CPU
		{44AFB2ED-94B0-4495-B748-256AA6C07304}.Release|Any CPU.Build.0 = Release|Any CPU
		{1FCD9FED-0468-4EE3-A169-D2D407B08484}.Debug|Any CPU.ActiveCfg = Debug|Any CPU
		{1FCD9FED-0468-4EE3-A169-D2D407B08484}.Debug|Any CPU.Build.0 = Debug|Any CPU
		{1FCD9FED-0468-4EE3-A169-D2D407B08484}.Release|Any CPU.ActiveCfg = Release|Any CPU
		{1FCD9FED-0468-4EE3-A169-D2D407B08484}.Release|Any CPU.Build.0 = Release|Any CPU
		{5B5B7889-42E4-4A81-AC08-05C10C64D6DF}.Debug|Any CPU.ActiveCfg = Debug|Any CPU
		{5B5B7889-42E4-4A81-AC08-05C10C64D6DF}.Debug|Any CPU.Build.0 = Debug|Any CPU
		{5B5B7889-42E4-4A81-AC08-05C10C64D6DF}.Release|Any CPU.ActiveCfg = Release|Any CPU
		{5B5B7889-42E4-4A81-AC08-05C10C64D6DF}.Release|Any CPU.Build.0 = Release|Any CPU
		{C403FADF-FCC6-4DB2-87D8-902348137E22}.Debug|Any CPU.ActiveCfg = Debug|Any CPU
		{C403FADF-FCC6-4DB2-87D8-902348137E22}.Debug|Any CPU.Build.0 = Debug|Any CPU
		{C403FADF-FCC6-4DB2-87D8-902348137E22}.Release|Any CPU.ActiveCfg = Release|Any CPU
		{C403FADF-FCC6-4DB2-87D8-902348137E22}.Release|Any CPU.Build.0 = Release|Any CPU
		{514E8FE0-FEF1-48DE-9262-70C00DFD1D68}.Debug|Any CPU.ActiveCfg = Debug|Any CPU
		{514E8FE0-FEF1-48DE-9262-70C00DFD1D68}.Debug|Any CPU.Build.0 = Debug|Any CPU
		{514E8FE0-FEF1-48DE-9262-70C00DFD1D68}.Release|Any CPU.ActiveCfg = Release|Any CPU
		{514E8FE0-FEF1-48DE-9262-70C00DFD1D68}.Release|Any CPU.Build.0 = Release|Any CPU
		{252D5628-1330-449A-ADFD-0D9F180B3D88}.Debug|Any CPU.ActiveCfg = Debug|Any CPU
		{252D5628-1330-449A-ADFD-0D9F180B3D88}.Debug|Any CPU.Build.0 = Debug|Any CPU
		{252D5628-1330-449A-ADFD-0D9F180B3D88}.Release|Any CPU.ActiveCfg = Release|Any CPU
		{252D5628-1330-449A-ADFD-0D9F180B3D88}.Release|Any CPU.Build.0 = Release|Any CPU
		{23365133-2B9D-4213-B769-28515F1E5E9F}.Debug|Any CPU.ActiveCfg = Debug|Any CPU
		{23365133-2B9D-4213-B769-28515F1E5E9F}.Debug|Any CPU.Build.0 = Debug|Any CPU
		{23365133-2B9D-4213-B769-28515F1E5E9F}.Release|Any CPU.ActiveCfg = Release|Any CPU
		{23365133-2B9D-4213-B769-28515F1E5E9F}.Release|Any CPU.Build.0 = Release|Any CPU
		{12B493F4-208C-4F7B-9F17-814B57B904A7}.Debug|Any CPU.ActiveCfg = Debug|Any CPU
		{12B493F4-208C-4F7B-9F17-814B57B904A7}.Debug|Any CPU.Build.0 = Debug|Any CPU
		{12B493F4-208C-4F7B-9F17-814B57B904A7}.Release|Any CPU.ActiveCfg = Release|Any CPU
		{12B493F4-208C-4F7B-9F17-814B57B904A7}.Release|Any CPU.Build.0 = Release|Any CPU
		{C8E26E08-542D-43E1-BCB0-A9DAE035F717}.Debug|Any CPU.ActiveCfg = Debug|Any CPU
		{C8E26E08-542D-43E1-BCB0-A9DAE035F717}.Debug|Any CPU.Build.0 = Debug|Any CPU
		{C8E26E08-542D-43E1-BCB0-A9DAE035F717}.Release|Any CPU.ActiveCfg = Release|Any CPU
		{C8E26E08-542D-43E1-BCB0-A9DAE035F717}.Release|Any CPU.Build.0 = Release|Any CPU
		{D9B4D020-7F48-4433-BFFE-116F937A8F3F}.Debug|Any CPU.ActiveCfg = Debug|Any CPU
		{D9B4D020-7F48-4433-BFFE-116F937A8F3F}.Debug|Any CPU.Build.0 = Debug|Any CPU
		{D9B4D020-7F48-4433-BFFE-116F937A8F3F}.Release|Any CPU.ActiveCfg = Release|Any CPU
		{D9B4D020-7F48-4433-BFFE-116F937A8F3F}.Release|Any CPU.Build.0 = Release|Any CPU
		{76A91716-2B4E-49B0-B8CD-FE12FC30EDDD}.Debug|Any CPU.ActiveCfg = Debug|Any CPU
		{76A91716-2B4E-49B0-B8CD-FE12FC30EDDD}.Debug|Any CPU.Build.0 = Debug|Any CPU
		{76A91716-2B4E-49B0-B8CD-FE12FC30EDDD}.Release|Any CPU.ActiveCfg = Release|Any CPU
		{76A91716-2B4E-49B0-B8CD-FE12FC30EDDD}.Release|Any CPU.Build.0 = Release|Any CPU
		{220FD85E-B24E-4698-BAC0-91261812A978}.Debug|Any CPU.ActiveCfg = Debug|Any CPU
		{220FD85E-B24E-4698-BAC0-91261812A978}.Debug|Any CPU.Build.0 = Debug|Any CPU
		{220FD85E-B24E-4698-BAC0-91261812A978}.Release|Any CPU.ActiveCfg = Release|Any CPU
		{220FD85E-B24E-4698-BAC0-91261812A978}.Release|Any CPU.Build.0 = Release|Any CPU
		{55576C64-791F-49F9-920B-3DFDDAC6BFAD}.Debug|Any CPU.ActiveCfg = Debug|Any CPU
		{55576C64-791F-49F9-920B-3DFDDAC6BFAD}.Debug|Any CPU.Build.0 = Debug|Any CPU
		{55576C64-791F-49F9-920B-3DFDDAC6BFAD}.Release|Any CPU.ActiveCfg = Release|Any CPU
		{55576C64-791F-49F9-920B-3DFDDAC6BFAD}.Release|Any CPU.Build.0 = Release|Any CPU
		{9332FF75-2DA3-4B05-9AF8-BA2351F8FB2F}.Debug|Any CPU.ActiveCfg = Debug|Any CPU
		{9332FF75-2DA3-4B05-9AF8-BA2351F8FB2F}.Debug|Any CPU.Build.0 = Debug|Any CPU
		{9332FF75-2DA3-4B05-9AF8-BA2351F8FB2F}.Release|Any CPU.ActiveCfg = Release|Any CPU
		{9332FF75-2DA3-4B05-9AF8-BA2351F8FB2F}.Release|Any CPU.Build.0 = Release|Any CPU
		{F87D9866-4AAB-4BE4-B98E-C6F176DFBEE9}.Debug|Any CPU.ActiveCfg = Debug|Any CPU
		{F87D9866-4AAB-4BE4-B98E-C6F176DFBEE9}.Debug|Any CPU.Build.0 = Debug|Any CPU
		{F87D9866-4AAB-4BE4-B98E-C6F176DFBEE9}.Release|Any CPU.ActiveCfg = Release|Any CPU
		{F87D9866-4AAB-4BE4-B98E-C6F176DFBEE9}.Release|Any CPU.Build.0 = Release|Any CPU
		{D75520FC-84C7-4A6F-9AB2-1DFD526F4850}.Debug|Any CPU.ActiveCfg = Debug|Any CPU
		{D75520FC-84C7-4A6F-9AB2-1DFD526F4850}.Debug|Any CPU.Build.0 = Debug|Any CPU
		{D75520FC-84C7-4A6F-9AB2-1DFD526F4850}.Release|Any CPU.ActiveCfg = Release|Any CPU
		{D75520FC-84C7-4A6F-9AB2-1DFD526F4850}.Release|Any CPU.Build.0 = Release|Any CPU
		{D3A6E43B-B7EA-4619-907F-17BAAF62E6F0}.Debug|Any CPU.ActiveCfg = Debug|Any CPU
		{D3A6E43B-B7EA-4619-907F-17BAAF62E6F0}.Debug|Any CPU.Build.0 = Debug|Any CPU
		{D3A6E43B-B7EA-4619-907F-17BAAF62E6F0}.Release|Any CPU.ActiveCfg = Release|Any CPU
		{D3A6E43B-B7EA-4619-907F-17BAAF62E6F0}.Release|Any CPU.Build.0 = Release|Any CPU
		{A434D92D-C41E-4441-9FF0-A7C3F88C9871}.Debug|Any CPU.ActiveCfg = Debug|Any CPU
		{A434D92D-C41E-4441-9FF0-A7C3F88C9871}.Debug|Any CPU.Build.0 = Debug|Any CPU
		{A434D92D-C41E-4441-9FF0-A7C3F88C9871}.Release|Any CPU.ActiveCfg = Release|Any CPU
		{A434D92D-C41E-4441-9FF0-A7C3F88C9871}.Release|Any CPU.Build.0 = Release|Any CPU
		{1C7EC886-A2E6-4C32-89FD-97F0D886537E}.Debug|Any CPU.ActiveCfg = Debug|Any CPU
		{1C7EC886-A2E6-4C32-89FD-97F0D886537E}.Debug|Any CPU.Build.0 = Debug|Any CPU
		{1C7EC886-A2E6-4C32-89FD-97F0D886537E}.Release|Any CPU.ActiveCfg = Release|Any CPU
		{1C7EC886-A2E6-4C32-89FD-97F0D886537E}.Release|Any CPU.Build.0 = Release|Any CPU
		{20609C92-5527-4B49-865A-FE9EB24ACB2D}.Debug|Any CPU.ActiveCfg = Debug|Any CPU
		{20609C92-5527-4B49-865A-FE9EB24ACB2D}.Debug|Any CPU.Build.0 = Debug|Any CPU
		{20609C92-5527-4B49-865A-FE9EB24ACB2D}.Release|Any CPU.ActiveCfg = Release|Any CPU
		{20609C92-5527-4B49-865A-FE9EB24ACB2D}.Release|Any CPU.Build.0 = Release|Any CPU
		{8230219F-10F2-4376-8E97-1C8C67C30AEE}.Debug|Any CPU.ActiveCfg = Debug|Any CPU
		{8230219F-10F2-4376-8E97-1C8C67C30AEE}.Debug|Any CPU.Build.0 = Debug|Any CPU
		{8230219F-10F2-4376-8E97-1C8C67C30AEE}.Release|Any CPU.ActiveCfg = Release|Any CPU
		{8230219F-10F2-4376-8E97-1C8C67C30AEE}.Release|Any CPU.Build.0 = Release|Any CPU
		{12B92E61-877C-49A3-8F29-13EFF6E7612D}.Debug|Any CPU.ActiveCfg = Debug|Any CPU
		{12B92E61-877C-49A3-8F29-13EFF6E7612D}.Debug|Any CPU.Build.0 = Debug|Any CPU
		{12B92E61-877C-49A3-8F29-13EFF6E7612D}.Release|Any CPU.ActiveCfg = Release|Any CPU
		{12B92E61-877C-49A3-8F29-13EFF6E7612D}.Release|Any CPU.Build.0 = Release|Any CPU
		{8031E6B2-3214-46BF-B5DB-A5129DA6730C}.Debug|Any CPU.ActiveCfg = Debug|Any CPU
		{8031E6B2-3214-46BF-B5DB-A5129DA6730C}.Debug|Any CPU.Build.0 = Debug|Any CPU
		{8031E6B2-3214-46BF-B5DB-A5129DA6730C}.Release|Any CPU.ActiveCfg = Release|Any CPU
		{8031E6B2-3214-46BF-B5DB-A5129DA6730C}.Release|Any CPU.Build.0 = Release|Any CPU
		{394582DC-BCC4-4822-9872-10CF8A28F6A2}.Debug|Any CPU.ActiveCfg = Debug|Any CPU
		{394582DC-BCC4-4822-9872-10CF8A28F6A2}.Debug|Any CPU.Build.0 = Debug|Any CPU
		{394582DC-BCC4-4822-9872-10CF8A28F6A2}.Release|Any CPU.ActiveCfg = Release|Any CPU
		{394582DC-BCC4-4822-9872-10CF8A28F6A2}.Release|Any CPU.Build.0 = Release|Any CPU
		{BA3F4C62-F1E9-48FF-AC9C-0E6788A0410A}.Debug|Any CPU.ActiveCfg = Debug|Any CPU
		{BA3F4C62-F1E9-48FF-AC9C-0E6788A0410A}.Debug|Any CPU.Build.0 = Debug|Any CPU
		{BA3F4C62-F1E9-48FF-AC9C-0E6788A0410A}.Release|Any CPU.ActiveCfg = Release|Any CPU
		{BA3F4C62-F1E9-48FF-AC9C-0E6788A0410A}.Release|Any CPU.Build.0 = Release|Any CPU
		{294C29E6-7AAD-4DD0-A079-417B8A02A9EF}.Debug|Any CPU.ActiveCfg = Debug|Any CPU
		{294C29E6-7AAD-4DD0-A079-417B8A02A9EF}.Debug|Any CPU.Build.0 = Debug|Any CPU
		{294C29E6-7AAD-4DD0-A079-417B8A02A9EF}.Release|Any CPU.ActiveCfg = Release|Any CPU
		{294C29E6-7AAD-4DD0-A079-417B8A02A9EF}.Release|Any CPU.Build.0 = Release|Any CPU
		{D6E458E4-9164-40E1-A1B4-2CD7D265000E}.Debug|Any CPU.ActiveCfg = Debug|Any CPU
		{D6E458E4-9164-40E1-A1B4-2CD7D265000E}.Debug|Any CPU.Build.0 = Debug|Any CPU
		{D6E458E4-9164-40E1-A1B4-2CD7D265000E}.Release|Any CPU.ActiveCfg = Release|Any CPU
		{D6E458E4-9164-40E1-A1B4-2CD7D265000E}.Release|Any CPU.Build.0 = Release|Any CPU
		{CFD48E86-C350-4E3D-A8FC-02ECE3F6A4EB}.Debug|Any CPU.ActiveCfg = Debug|Any CPU
		{CFD48E86-C350-4E3D-A8FC-02ECE3F6A4EB}.Debug|Any CPU.Build.0 = Debug|Any CPU
		{CFD48E86-C350-4E3D-A8FC-02ECE3F6A4EB}.Release|Any CPU.ActiveCfg = Release|Any CPU
		{CFD48E86-C350-4E3D-A8FC-02ECE3F6A4EB}.Release|Any CPU.Build.0 = Release|Any CPU
		{9622BEE8-35DC-4D45-9DF0-740ECDB4E916}.Debug|Any CPU.ActiveCfg = Debug|Any CPU
		{9622BEE8-35DC-4D45-9DF0-740ECDB4E916}.Debug|Any CPU.Build.0 = Debug|Any CPU
		{9622BEE8-35DC-4D45-9DF0-740ECDB4E916}.Release|Any CPU.ActiveCfg = Release|Any CPU
		{9622BEE8-35DC-4D45-9DF0-740ECDB4E916}.Release|Any CPU.Build.0 = Release|Any CPU
		{9765B1C0-C66B-40D4-940D-F2C0E0988A66}.Debug|Any CPU.ActiveCfg = Debug|Any CPU
		{9765B1C0-C66B-40D4-940D-F2C0E0988A66}.Debug|Any CPU.Build.0 = Debug|Any CPU
		{9765B1C0-C66B-40D4-940D-F2C0E0988A66}.Release|Any CPU.ActiveCfg = Release|Any CPU
		{9765B1C0-C66B-40D4-940D-F2C0E0988A66}.Release|Any CPU.Build.0 = Release|Any CPU
		{ECBE15BF-6C83-456A-8605-EE683A94D082}.Debug|Any CPU.ActiveCfg = Debug|Any CPU
		{ECBE15BF-6C83-456A-8605-EE683A94D082}.Debug|Any CPU.Build.0 = Debug|Any CPU
		{ECBE15BF-6C83-456A-8605-EE683A94D082}.Release|Any CPU.ActiveCfg = Release|Any CPU
		{ECBE15BF-6C83-456A-8605-EE683A94D082}.Release|Any CPU.Build.0 = Release|Any CPU
		{50647B1A-4035-4924-BFB5-2A5D22E568B8}.Debug|Any CPU.ActiveCfg = Debug|Any CPU
		{50647B1A-4035-4924-BFB5-2A5D22E568B8}.Debug|Any CPU.Build.0 = Debug|Any CPU
		{50647B1A-4035-4924-BFB5-2A5D22E568B8}.Release|Any CPU.ActiveCfg = Release|Any CPU
		{50647B1A-4035-4924-BFB5-2A5D22E568B8}.Release|Any CPU.Build.0 = Release|Any CPU
		{10A7E84C-6323-4F03-855D-1102C456E407}.Debug|Any CPU.ActiveCfg = Debug|Any CPU
		{10A7E84C-6323-4F03-855D-1102C456E407}.Debug|Any CPU.Build.0 = Debug|Any CPU
		{10A7E84C-6323-4F03-855D-1102C456E407}.Release|Any CPU.ActiveCfg = Release|Any CPU
		{10A7E84C-6323-4F03-855D-1102C456E407}.Release|Any CPU.Build.0 = Release|Any CPU
		{946282C0-D865-428D-A93E-68A43824FDF0}.Debug|Any CPU.ActiveCfg = Debug|Any CPU
		{946282C0-D865-428D-A93E-68A43824FDF0}.Debug|Any CPU.Build.0 = Debug|Any CPU
		{946282C0-D865-428D-A93E-68A43824FDF0}.Release|Any CPU.ActiveCfg = Release|Any CPU
		{946282C0-D865-428D-A93E-68A43824FDF0}.Release|Any CPU.Build.0 = Release|Any CPU
		{F72F9A02-15D9-4AEF-BA07-9D49CE3EC294}.Debug|Any CPU.ActiveCfg = Debug|Any CPU
		{F72F9A02-15D9-4AEF-BA07-9D49CE3EC294}.Debug|Any CPU.Build.0 = Debug|Any CPU
		{F72F9A02-15D9-4AEF-BA07-9D49CE3EC294}.Release|Any CPU.ActiveCfg = Release|Any CPU
		{F72F9A02-15D9-4AEF-BA07-9D49CE3EC294}.Release|Any CPU.Build.0 = Release|Any CPU
		{2B55185C-5DF0-423E-A537-EBB2B62C6B72}.Debug|Any CPU.ActiveCfg = Debug|Any CPU
		{2B55185C-5DF0-423E-A537-EBB2B62C6B72}.Debug|Any CPU.Build.0 = Debug|Any CPU
		{2B55185C-5DF0-423E-A537-EBB2B62C6B72}.Release|Any CPU.ActiveCfg = Release|Any CPU
		{2B55185C-5DF0-423E-A537-EBB2B62C6B72}.Release|Any CPU.Build.0 = Release|Any CPU
		{2F07771A-7D91-458F-A6CC-EC5B6E6B0833}.Debug|Any CPU.ActiveCfg = Debug|Any CPU
		{2F07771A-7D91-458F-A6CC-EC5B6E6B0833}.Debug|Any CPU.Build.0 = Debug|Any CPU
		{2F07771A-7D91-458F-A6CC-EC5B6E6B0833}.Release|Any CPU.ActiveCfg = Release|Any CPU
		{2F07771A-7D91-458F-A6CC-EC5B6E6B0833}.Release|Any CPU.Build.0 = Release|Any CPU
		{605B73AE-6086-406B-B01D-F402F81A744A}.Debug|Any CPU.ActiveCfg = Debug|Any CPU
		{605B73AE-6086-406B-B01D-F402F81A744A}.Debug|Any CPU.Build.0 = Debug|Any CPU
		{605B73AE-6086-406B-B01D-F402F81A744A}.Release|Any CPU.ActiveCfg = Release|Any CPU
		{605B73AE-6086-406B-B01D-F402F81A744A}.Release|Any CPU.Build.0 = Release|Any CPU
		{50FEA350-8A8B-4A24-B067-79F12D2AECAE}.Debug|Any CPU.ActiveCfg = Debug|Any CPU
		{50FEA350-8A8B-4A24-B067-79F12D2AECAE}.Debug|Any CPU.Build.0 = Debug|Any CPU
		{50FEA350-8A8B-4A24-B067-79F12D2AECAE}.Release|Any CPU.ActiveCfg = Release|Any CPU
		{50FEA350-8A8B-4A24-B067-79F12D2AECAE}.Release|Any CPU.Build.0 = Release|Any CPU
		{81999981-28F1-42F8-AAF6-424D5905BCD6}.Debug|Any CPU.ActiveCfg = Debug|Any CPU
		{81999981-28F1-42F8-AAF6-424D5905BCD6}.Debug|Any CPU.Build.0 = Debug|Any CPU
		{81999981-28F1-42F8-AAF6-424D5905BCD6}.Release|Any CPU.ActiveCfg = Release|Any CPU
		{81999981-28F1-42F8-AAF6-424D5905BCD6}.Release|Any CPU.Build.0 = Release|Any CPU
		{6E1C40EE-A0F0-4B5A-B87B-53513980BD31}.Debug|Any CPU.ActiveCfg = Debug|Any CPU
		{6E1C40EE-A0F0-4B5A-B87B-53513980BD31}.Debug|Any CPU.Build.0 = Debug|Any CPU
		{6E1C40EE-A0F0-4B5A-B87B-53513980BD31}.Release|Any CPU.ActiveCfg = Release|Any CPU
		{6E1C40EE-A0F0-4B5A-B87B-53513980BD31}.Release|Any CPU.Build.0 = Release|Any CPU
		{C0CEFC67-3032-48EA-B3AB-95C1535374A7}.Debug|Any CPU.ActiveCfg = Debug|Any CPU
		{C0CEFC67-3032-48EA-B3AB-95C1535374A7}.Debug|Any CPU.Build.0 = Debug|Any CPU
		{C0CEFC67-3032-48EA-B3AB-95C1535374A7}.Release|Any CPU.ActiveCfg = Release|Any CPU
		{C0CEFC67-3032-48EA-B3AB-95C1535374A7}.Release|Any CPU.Build.0 = Release|Any CPU
		{AC4AEE9F-35A7-4FC6-83FF-CD8AD710DCC0}.Debug|Any CPU.ActiveCfg = Debug|Any CPU
		{AC4AEE9F-35A7-4FC6-83FF-CD8AD710DCC0}.Debug|Any CPU.Build.0 = Debug|Any CPU
		{AC4AEE9F-35A7-4FC6-83FF-CD8AD710DCC0}.Release|Any CPU.ActiveCfg = Release|Any CPU
		{AC4AEE9F-35A7-4FC6-83FF-CD8AD710DCC0}.Release|Any CPU.Build.0 = Release|Any CPU
		{8DFD6905-7617-4FC9-8E14-F2ACF2A4BFED}.Debug|Any CPU.ActiveCfg = Debug|Any CPU
		{8DFD6905-7617-4FC9-8E14-F2ACF2A4BFED}.Debug|Any CPU.Build.0 = Debug|Any CPU
		{8DFD6905-7617-4FC9-8E14-F2ACF2A4BFED}.Release|Any CPU.ActiveCfg = Release|Any CPU
		{8DFD6905-7617-4FC9-8E14-F2ACF2A4BFED}.Release|Any CPU.Build.0 = Release|Any CPU
		{BB81B01C-F72B-4E1C-94BB-572C5497B5C0}.Debug|Any CPU.ActiveCfg = Debug|Any CPU
		{BB81B01C-F72B-4E1C-94BB-572C5497B5C0}.Debug|Any CPU.Build.0 = Debug|Any CPU
		{BB81B01C-F72B-4E1C-94BB-572C5497B5C0}.Release|Any CPU.ActiveCfg = Release|Any CPU
		{BB81B01C-F72B-4E1C-94BB-572C5497B5C0}.Release|Any CPU.Build.0 = Release|Any CPU
		{E1CAA8CD-0C46-477A-9904-02DE28990C29}.Debug|Any CPU.ActiveCfg = Debug|Any CPU
		{E1CAA8CD-0C46-477A-9904-02DE28990C29}.Debug|Any CPU.Build.0 = Debug|Any CPU
		{E1CAA8CD-0C46-477A-9904-02DE28990C29}.Release|Any CPU.ActiveCfg = Release|Any CPU
		{E1CAA8CD-0C46-477A-9904-02DE28990C29}.Release|Any CPU.Build.0 = Release|Any CPU
		{E9D93F8F-EF8C-4D04-8290-5C77F4346CF8}.Debug|Any CPU.ActiveCfg = Debug|Any CPU
		{E9D93F8F-EF8C-4D04-8290-5C77F4346CF8}.Debug|Any CPU.Build.0 = Debug|Any CPU
		{E9D93F8F-EF8C-4D04-8290-5C77F4346CF8}.Release|Any CPU.ActiveCfg = Release|Any CPU
		{E9D93F8F-EF8C-4D04-8290-5C77F4346CF8}.Release|Any CPU.Build.0 = Release|Any CPU
		{8695C1A1-F1E7-45EC-BD49-2262CA91E2DC}.Debug|Any CPU.ActiveCfg = Debug|Any CPU
		{8695C1A1-F1E7-45EC-BD49-2262CA91E2DC}.Debug|Any CPU.Build.0 = Debug|Any CPU
		{8695C1A1-F1E7-45EC-BD49-2262CA91E2DC}.Release|Any CPU.ActiveCfg = Release|Any CPU
		{8695C1A1-F1E7-45EC-BD49-2262CA91E2DC}.Release|Any CPU.Build.0 = Release|Any CPU
		{353A4881-AAA1-47F3-AF6D-8FAEE92C595C}.Debug|Any CPU.ActiveCfg = Debug|Any CPU
		{353A4881-AAA1-47F3-AF6D-8FAEE92C595C}.Debug|Any CPU.Build.0 = Debug|Any CPU
		{353A4881-AAA1-47F3-AF6D-8FAEE92C595C}.Release|Any CPU.ActiveCfg = Release|Any CPU
		{353A4881-AAA1-47F3-AF6D-8FAEE92C595C}.Release|Any CPU.Build.0 = Release|Any CPU
		{58F31EA3-AE45-4197-9CF2-1092F1752D94}.Debug|Any CPU.ActiveCfg = Debug|Any CPU
		{58F31EA3-AE45-4197-9CF2-1092F1752D94}.Debug|Any CPU.Build.0 = Debug|Any CPU
		{58F31EA3-AE45-4197-9CF2-1092F1752D94}.Release|Any CPU.ActiveCfg = Release|Any CPU
		{58F31EA3-AE45-4197-9CF2-1092F1752D94}.Release|Any CPU.Build.0 = Release|Any CPU
		{11C25315-740F-4C0E-8DBE-4B99AF4BA543}.Debug|Any CPU.ActiveCfg = Debug|Any CPU
		{11C25315-740F-4C0E-8DBE-4B99AF4BA543}.Debug|Any CPU.Build.0 = Debug|Any CPU
		{11C25315-740F-4C0E-8DBE-4B99AF4BA543}.Release|Any CPU.ActiveCfg = Release|Any CPU
		{11C25315-740F-4C0E-8DBE-4B99AF4BA543}.Release|Any CPU.Build.0 = Release|Any CPU
		{E3D66542-2970-43F7-82C5-CA259A73A903}.Debug|Any CPU.ActiveCfg = Debug|Any CPU
		{E3D66542-2970-43F7-82C5-CA259A73A903}.Debug|Any CPU.Build.0 = Debug|Any CPU
		{E3D66542-2970-43F7-82C5-CA259A73A903}.Release|Any CPU.ActiveCfg = Release|Any CPU
		{E3D66542-2970-43F7-82C5-CA259A73A903}.Release|Any CPU.Build.0 = Release|Any CPU
		{F7BBE1A7-9144-424C-8AFE-E3062D2182BB}.Debug|Any CPU.ActiveCfg = Debug|Any CPU
		{F7BBE1A7-9144-424C-8AFE-E3062D2182BB}.Debug|Any CPU.Build.0 = Debug|Any CPU
		{F7BBE1A7-9144-424C-8AFE-E3062D2182BB}.Release|Any CPU.ActiveCfg = Release|Any CPU
		{F7BBE1A7-9144-424C-8AFE-E3062D2182BB}.Release|Any CPU.Build.0 = Release|Any CPU
		{B9F257F3-385E-42FA-AADC-AFADD99C9456}.Debug|Any CPU.ActiveCfg = Debug|Any CPU
		{B9F257F3-385E-42FA-AADC-AFADD99C9456}.Debug|Any CPU.Build.0 = Debug|Any CPU
		{B9F257F3-385E-42FA-AADC-AFADD99C9456}.Release|Any CPU.ActiveCfg = Release|Any CPU
		{B9F257F3-385E-42FA-AADC-AFADD99C9456}.Release|Any CPU.Build.0 = Release|Any CPU
		{B9976FD5-7326-4565-BEA8-D26BE1755313}.Debug|Any CPU.ActiveCfg = Debug|Any CPU
		{B9976FD5-7326-4565-BEA8-D26BE1755313}.Debug|Any CPU.Build.0 = Debug|Any CPU
		{B9976FD5-7326-4565-BEA8-D26BE1755313}.Release|Any CPU.ActiveCfg = Release|Any CPU
		{B9976FD5-7326-4565-BEA8-D26BE1755313}.Release|Any CPU.Build.0 = Release|Any CPU
		{6B0E0245-0E67-49FA-A81E-3DD4778E5B78}.Debug|Any CPU.ActiveCfg = Debug|Any CPU
		{6B0E0245-0E67-49FA-A81E-3DD4778E5B78}.Debug|Any CPU.Build.0 = Debug|Any CPU
		{6B0E0245-0E67-49FA-A81E-3DD4778E5B78}.Release|Any CPU.ActiveCfg = Release|Any CPU
		{6B0E0245-0E67-49FA-A81E-3DD4778E5B78}.Release|Any CPU.Build.0 = Release|Any CPU
		{C163949B-1320-4836-9FF5-D7734FFC918B}.Debug|Any CPU.ActiveCfg = Debug|Any CPU
		{C163949B-1320-4836-9FF5-D7734FFC918B}.Debug|Any CPU.Build.0 = Debug|Any CPU
		{C163949B-1320-4836-9FF5-D7734FFC918B}.Release|Any CPU.ActiveCfg = Release|Any CPU
		{C163949B-1320-4836-9FF5-D7734FFC918B}.Release|Any CPU.Build.0 = Release|Any CPU
		{9B417B9A-AAB4-47FC-BF49-A5F5F4213ACC}.Debug|Any CPU.ActiveCfg = Debug|Any CPU
		{9B417B9A-AAB4-47FC-BF49-A5F5F4213ACC}.Debug|Any CPU.Build.0 = Debug|Any CPU
		{9B417B9A-AAB4-47FC-BF49-A5F5F4213ACC}.Release|Any CPU.ActiveCfg = Release|Any CPU
		{9B417B9A-AAB4-47FC-BF49-A5F5F4213ACC}.Release|Any CPU.Build.0 = Release|Any CPU
		{C389A617-13FE-457E-9B32-68714EC5BB05}.Debug|Any CPU.ActiveCfg = Debug|Any CPU
		{C389A617-13FE-457E-9B32-68714EC5BB05}.Debug|Any CPU.Build.0 = Debug|Any CPU
		{C389A617-13FE-457E-9B32-68714EC5BB05}.Release|Any CPU.ActiveCfg = Release|Any CPU
		{C389A617-13FE-457E-9B32-68714EC5BB05}.Release|Any CPU.Build.0 = Release|Any CPU
		{45158940-C7D3-4683-9920-7CEFB3723AD0}.Debug|Any CPU.ActiveCfg = Debug|Any CPU
		{45158940-C7D3-4683-9920-7CEFB3723AD0}.Debug|Any CPU.Build.0 = Debug|Any CPU
		{45158940-C7D3-4683-9920-7CEFB3723AD0}.Release|Any CPU.ActiveCfg = Release|Any CPU
		{45158940-C7D3-4683-9920-7CEFB3723AD0}.Release|Any CPU.Build.0 = Release|Any CPU
		{AC5C32B9-F30D-43A0-B255-0267A952D9CF}.Debug|Any CPU.ActiveCfg = Debug|Any CPU
		{AC5C32B9-F30D-43A0-B255-0267A952D9CF}.Debug|Any CPU.Build.0 = Debug|Any CPU
		{AC5C32B9-F30D-43A0-B255-0267A952D9CF}.Release|Any CPU.ActiveCfg = Release|Any CPU
		{AC5C32B9-F30D-43A0-B255-0267A952D9CF}.Release|Any CPU.Build.0 = Release|Any CPU
		{04185B9D-ED01-427E-863D-44104AC994B5}.Debug|Any CPU.ActiveCfg = Debug|Any CPU
		{04185B9D-ED01-427E-863D-44104AC994B5}.Debug|Any CPU.Build.0 = Debug|Any CPU
		{04185B9D-ED01-427E-863D-44104AC994B5}.Release|Any CPU.ActiveCfg = Release|Any CPU
		{04185B9D-ED01-427E-863D-44104AC994B5}.Release|Any CPU.Build.0 = Release|Any CPU
		{5A7C96D5-9FBF-4A41-944E-34D21A0EF392}.Debug|Any CPU.ActiveCfg = Debug|Any CPU
		{5A7C96D5-9FBF-4A41-944E-34D21A0EF392}.Debug|Any CPU.Build.0 = Debug|Any CPU
		{5A7C96D5-9FBF-4A41-944E-34D21A0EF392}.Release|Any CPU.ActiveCfg = Release|Any CPU
		{5A7C96D5-9FBF-4A41-944E-34D21A0EF392}.Release|Any CPU.Build.0 = Release|Any CPU
		{050C28FD-4A6B-4349-892C-C16CBFC49FC7}.Debug|Any CPU.ActiveCfg = Debug|Any CPU
		{050C28FD-4A6B-4349-892C-C16CBFC49FC7}.Debug|Any CPU.Build.0 = Debug|Any CPU
		{050C28FD-4A6B-4349-892C-C16CBFC49FC7}.Release|Any CPU.ActiveCfg = Release|Any CPU
		{050C28FD-4A6B-4349-892C-C16CBFC49FC7}.Release|Any CPU.Build.0 = Release|Any CPU
		{FF3D2EB1-2491-4852-B77D-D50B3ECEC732}.Debug|Any CPU.ActiveCfg = Debug|Any CPU
		{FF3D2EB1-2491-4852-B77D-D50B3ECEC732}.Debug|Any CPU.Build.0 = Debug|Any CPU
		{FF3D2EB1-2491-4852-B77D-D50B3ECEC732}.Release|Any CPU.ActiveCfg = Release|Any CPU
		{FF3D2EB1-2491-4852-B77D-D50B3ECEC732}.Release|Any CPU.Build.0 = Release|Any CPU
		{04E5E8BC-D91F-4E62-B5B2-3033CB2FF84A}.Debug|Any CPU.ActiveCfg = Debug|Any CPU
		{04E5E8BC-D91F-4E62-B5B2-3033CB2FF84A}.Debug|Any CPU.Build.0 = Debug|Any CPU
		{04E5E8BC-D91F-4E62-B5B2-3033CB2FF84A}.Release|Any CPU.ActiveCfg = Release|Any CPU
		{04E5E8BC-D91F-4E62-B5B2-3033CB2FF84A}.Release|Any CPU.Build.0 = Release|Any CPU
		{F1F15F24-D8B9-47CB-BD26-8DCBE560C5A6}.Debug|Any CPU.ActiveCfg = Debug|Any CPU
		{F1F15F24-D8B9-47CB-BD26-8DCBE560C5A6}.Debug|Any CPU.Build.0 = Debug|Any CPU
		{F1F15F24-D8B9-47CB-BD26-8DCBE560C5A6}.Release|Any CPU.ActiveCfg = Release|Any CPU
		{F1F15F24-D8B9-47CB-BD26-8DCBE560C5A6}.Release|Any CPU.Build.0 = Release|Any CPU
		{D11B66A2-3D9D-456C-8006-CC7785B701B2}.Debug|Any CPU.ActiveCfg = Debug|Any CPU
		{D11B66A2-3D9D-456C-8006-CC7785B701B2}.Debug|Any CPU.Build.0 = Debug|Any CPU
		{D11B66A2-3D9D-456C-8006-CC7785B701B2}.Release|Any CPU.ActiveCfg = Release|Any CPU
		{D11B66A2-3D9D-456C-8006-CC7785B701B2}.Release|Any CPU.Build.0 = Release|Any CPU
		{9F2E1222-0051-4377-A844-D9DE221BE194}.Debug|Any CPU.ActiveCfg = Debug|Any CPU
		{9F2E1222-0051-4377-A844-D9DE221BE194}.Debug|Any CPU.Build.0 = Debug|Any CPU
		{9F2E1222-0051-4377-A844-D9DE221BE194}.Release|Any CPU.ActiveCfg = Release|Any CPU
		{9F2E1222-0051-4377-A844-D9DE221BE194}.Release|Any CPU.Build.0 = Release|Any CPU
		{E4248403-6D71-4754-A383-990977A9BC6A}.Debug|Any CPU.ActiveCfg = Debug|Any CPU
		{E4248403-6D71-4754-A383-990977A9BC6A}.Debug|Any CPU.Build.0 = Debug|Any CPU
		{E4248403-6D71-4754-A383-990977A9BC6A}.Release|Any CPU.ActiveCfg = Release|Any CPU
		{E4248403-6D71-4754-A383-990977A9BC6A}.Release|Any CPU.Build.0 = Release|Any CPU
		{2AC7E052-9B5C-43A4-B853-DE4EF7582374}.Debug|Any CPU.ActiveCfg = Debug|Any CPU
		{2AC7E052-9B5C-43A4-B853-DE4EF7582374}.Debug|Any CPU.Build.0 = Debug|Any CPU
		{2AC7E052-9B5C-43A4-B853-DE4EF7582374}.Release|Any CPU.ActiveCfg = Release|Any CPU
		{2AC7E052-9B5C-43A4-B853-DE4EF7582374}.Release|Any CPU.Build.0 = Release|Any CPU
		{6ECA5A8F-80DF-4468-B743-FAF93E72476A}.Debug|Any CPU.ActiveCfg = Debug|Any CPU
		{6ECA5A8F-80DF-4468-B743-FAF93E72476A}.Debug|Any CPU.Build.0 = Debug|Any CPU
		{6ECA5A8F-80DF-4468-B743-FAF93E72476A}.Release|Any CPU.ActiveCfg = Release|Any CPU
		{6ECA5A8F-80DF-4468-B743-FAF93E72476A}.Release|Any CPU.Build.0 = Release|Any CPU
		{1AB34291-6C68-4931-80A4-8D2F414D05FD}.Debug|Any CPU.ActiveCfg = Debug|Any CPU
		{1AB34291-6C68-4931-80A4-8D2F414D05FD}.Debug|Any CPU.Build.0 = Debug|Any CPU
		{1AB34291-6C68-4931-80A4-8D2F414D05FD}.Release|Any CPU.ActiveCfg = Release|Any CPU
		{1AB34291-6C68-4931-80A4-8D2F414D05FD}.Release|Any CPU.Build.0 = Release|Any CPU
		{28F4AAA6-5152-42AF-8141-35C24B886427}.Debug|Any CPU.ActiveCfg = Debug|Any CPU
		{28F4AAA6-5152-42AF-8141-35C24B886427}.Debug|Any CPU.Build.0 = Debug|Any CPU
		{28F4AAA6-5152-42AF-8141-35C24B886427}.Release|Any CPU.ActiveCfg = Release|Any CPU
		{28F4AAA6-5152-42AF-8141-35C24B886427}.Release|Any CPU.Build.0 = Release|Any CPU
		{E139016A-1179-4075-9B8D-E1FE0F11AEC0}.Debug|Any CPU.ActiveCfg = Debug|Any CPU
		{E139016A-1179-4075-9B8D-E1FE0F11AEC0}.Debug|Any CPU.Build.0 = Debug|Any CPU
		{E139016A-1179-4075-9B8D-E1FE0F11AEC0}.Release|Any CPU.ActiveCfg = Release|Any CPU
		{E139016A-1179-4075-9B8D-E1FE0F11AEC0}.Release|Any CPU.Build.0 = Release|Any CPU
		{5710ACC0-E529-44A0-8F73-72B31C17C53B}.Debug|Any CPU.ActiveCfg = Debug|Any CPU
		{5710ACC0-E529-44A0-8F73-72B31C17C53B}.Debug|Any CPU.Build.0 = Debug|Any CPU
		{5710ACC0-E529-44A0-8F73-72B31C17C53B}.Release|Any CPU.ActiveCfg = Release|Any CPU
		{5710ACC0-E529-44A0-8F73-72B31C17C53B}.Release|Any CPU.Build.0 = Release|Any CPU
		{2E3A5DBF-2559-4BF0-93AF-B1B148D97160}.Debug|Any CPU.ActiveCfg = Debug|Any CPU
		{2E3A5DBF-2559-4BF0-93AF-B1B148D97160}.Debug|Any CPU.Build.0 = Debug|Any CPU
		{2E3A5DBF-2559-4BF0-93AF-B1B148D97160}.Release|Any CPU.ActiveCfg = Release|Any CPU
		{2E3A5DBF-2559-4BF0-93AF-B1B148D97160}.Release|Any CPU.Build.0 = Release|Any CPU
		{C44413D2-223E-45A6-BC8C-34C5342D0917}.Debug|Any CPU.ActiveCfg = Debug|Any CPU
		{C44413D2-223E-45A6-BC8C-34C5342D0917}.Debug|Any CPU.Build.0 = Debug|Any CPU
		{C44413D2-223E-45A6-BC8C-34C5342D0917}.Release|Any CPU.ActiveCfg = Release|Any CPU
		{C44413D2-223E-45A6-BC8C-34C5342D0917}.Release|Any CPU.Build.0 = Release|Any CPU
		{068C6754-8CD4-4583-A788-51921ABF985B}.Debug|Any CPU.ActiveCfg = Debug|Any CPU
		{068C6754-8CD4-4583-A788-51921ABF985B}.Debug|Any CPU.Build.0 = Debug|Any CPU
		{068C6754-8CD4-4583-A788-51921ABF985B}.Release|Any CPU.ActiveCfg = Release|Any CPU
		{068C6754-8CD4-4583-A788-51921ABF985B}.Release|Any CPU.Build.0 = Release|Any CPU
		{E88706C7-89C6-4426-8A11-6D7839E6AF91}.Debug|Any CPU.ActiveCfg = Debug|Any CPU
		{E88706C7-89C6-4426-8A11-6D7839E6AF91}.Debug|Any CPU.Build.0 = Debug|Any CPU
		{E88706C7-89C6-4426-8A11-6D7839E6AF91}.Release|Any CPU.ActiveCfg = Release|Any CPU
		{E88706C7-89C6-4426-8A11-6D7839E6AF91}.Release|Any CPU.Build.0 = Release|Any CPU
		{0869AF5B-8BCD-4314-B6C3-952DC1BDB620}.Debug|Any CPU.ActiveCfg = Debug|Any CPU
		{0869AF5B-8BCD-4314-B6C3-952DC1BDB620}.Debug|Any CPU.Build.0 = Debug|Any CPU
		{0869AF5B-8BCD-4314-B6C3-952DC1BDB620}.Release|Any CPU.ActiveCfg = Release|Any CPU
		{0869AF5B-8BCD-4314-B6C3-952DC1BDB620}.Release|Any CPU.Build.0 = Release|Any CPU
		{8DF330DA-1766-48EF-933A-F083BA22B26D}.Debug|Any CPU.ActiveCfg = Debug|Any CPU
		{8DF330DA-1766-48EF-933A-F083BA22B26D}.Debug|Any CPU.Build.0 = Debug|Any CPU
		{8DF330DA-1766-48EF-933A-F083BA22B26D}.Release|Any CPU.ActiveCfg = Release|Any CPU
		{8DF330DA-1766-48EF-933A-F083BA22B26D}.Release|Any CPU.Build.0 = Release|Any CPU
	EndGlobalSection
	GlobalSection(SolutionProperties) = preSolution
		HideSolutionNode = FALSE
	EndGlobalSection
	GlobalSection(ExtensibilityGlobals) = postSolution
		SolutionGuid = {2919349F-40DA-4C39-97C3-5B78F8ACE5B2}
	EndGlobalSection
EndGlobal
